// !$*UTF8*$!
{
	archiveVersion = 1;
	classes = {
	};
	objectVersion = 46;
	objects = {

/* Begin PBXBuildFile section */
		6D319FC61D717081004DD293 /* AppDelegate.swift in Sources */ = {isa = PBXBuildFile; fileRef = 6D319FC51D717081004DD293 /* AppDelegate.swift */; };
		6D319FC81D717081004DD293 /* ViewController.swift in Sources */ = {isa = PBXBuildFile; fileRef = 6D319FC71D717081004DD293 /* ViewController.swift */; };
		6D319FCB1D717081004DD293 /* Main.storyboard in Resources */ = {isa = PBXBuildFile; fileRef = 6D319FC91D717081004DD293 /* Main.storyboard */; };
		6D319FCD1D717081004DD293 /* Assets.xcassets in Resources */ = {isa = PBXBuildFile; fileRef = 6D319FCC1D717081004DD293 /* Assets.xcassets */; };
		6D319FD01D717081004DD293 /* LaunchScreen.storyboard in Resources */ = {isa = PBXBuildFile; fileRef = 6D319FCE1D717081004DD293 /* LaunchScreen.storyboard */; };
		6D319FD81D717427004DD293 /* pokemon.csv in Resources */ = {isa = PBXBuildFile; fileRef = 6D319FD71D717427004DD293 /* pokemon.csv */; };
		6D319FDB1D7175AA004DD293 /* Pokemon.swift in Sources */ = {isa = PBXBuildFile; fileRef = 6D319FDA1D7175AA004DD293 /* Pokemon.swift */; };
		6D319FDD1D7179DC004DD293 /* back.png in Resources */ = {isa = PBXBuildFile; fileRef = 6D319FDC1D7179DC004DD293 /* back.png */; };
		6D319FDF1D7179E1004DD293 /* music.png in Resources */ = {isa = PBXBuildFile; fileRef = 6D319FDE1D7179E1004DD293 /* music.png */; };
		6D319FE11D717AD3004DD293 /* bg.jpg in Resources */ = {isa = PBXBuildFile; fileRef = 6D319FE01D717AD3004DD293 /* bg.jpg */; };
		6D319FE41D7182EC004DD293 /* PokeCell.swift in Sources */ = {isa = PBXBuildFile; fileRef = 6D319FE31D7182EC004DD293 /* PokeCell.swift */; };
		6D319FE61D71911F004DD293 /* csv.swift in Sources */ = {isa = PBXBuildFile; fileRef = 6D319FE51D71911F004DD293 /* csv.swift */; };
/* End PBXBuildFile section */

/* Begin PBXFileReference section */
		6D319FC21D717081004DD293 /* PokeAPI.app */ = {isa = PBXFileReference; explicitFileType = wrapper.application; includeInIndex = 0; path = PokeAPI.app; sourceTree = BUILT_PRODUCTS_DIR; };
		6D319FC51D717081004DD293 /* AppDelegate.swift */ = {isa = PBXFileReference; lastKnownFileType = sourcecode.swift; path = AppDelegate.swift; sourceTree = "<group>"; };
		6D319FC71D717081004DD293 /* ViewController.swift */ = {isa = PBXFileReference; lastKnownFileType = sourcecode.swift; path = ViewController.swift; sourceTree = "<group>"; };
		6D319FCA1D717081004DD293 /* Base */ = {isa = PBXFileReference; lastKnownFileType = file.storyboard; name = Base; path = Base.lproj/Main.storyboard; sourceTree = "<group>"; };
		6D319FCC1D717081004DD293 /* Assets.xcassets */ = {isa = PBXFileReference; lastKnownFileType = folder.assetcatalog; path = Assets.xcassets; sourceTree = "<group>"; };
		6D319FCF1D717081004DD293 /* Base */ = {isa = PBXFileReference; lastKnownFileType = file.storyboard; name = Base; path = Base.lproj/LaunchScreen.storyboard; sourceTree = "<group>"; };
		6D319FD11D717081004DD293 /* Info.plist */ = {isa = PBXFileReference; lastKnownFileType = text.plist.xml; path = Info.plist; sourceTree = "<group>"; };
		6D319FD71D717427004DD293 /* pokemon.csv */ = {isa = PBXFileReference; fileEncoding = 4; lastKnownFileType = text; path = pokemon.csv; sourceTree = "<group>"; };
		6D319FDA1D7175AA004DD293 /* Pokemon.swift */ = {isa = PBXFileReference; fileEncoding = 4; lastKnownFileType = sourcecode.swift; path = Pokemon.swift; sourceTree = "<group>"; };
		6D319FDC1D7179DC004DD293 /* back.png */ = {isa = PBXFileReference; lastKnownFileType = image.png; path = back.png; sourceTree = "<group>"; };
		6D319FDE1D7179E1004DD293 /* music.png */ = {isa = PBXFileReference; lastKnownFileType = image.png; path = music.png; sourceTree = "<group>"; };
		6D319FE01D717AD3004DD293 /* bg.jpg */ = {isa = PBXFileReference; lastKnownFileType = image.jpeg; path = bg.jpg; sourceTree = "<group>"; };
		6D319FE31D7182EC004DD293 /* PokeCell.swift */ = {isa = PBXFileReference; fileEncoding = 4; lastKnownFileType = sourcecode.swift; path = PokeCell.swift; sourceTree = "<group>"; };
		6D319FE51D71911F004DD293 /* csv.swift */ = {isa = PBXFileReference; fileEncoding = 4; lastKnownFileType = sourcecode.swift; path = csv.swift; sourceTree = "<group>"; };
/* End PBXFileReference section */

/* Begin PBXFrameworksBuildPhase section */
		6D319FBF1D717081004DD293 /* Frameworks */ = {
			isa = PBXFrameworksBuildPhase;
			buildActionMask = 2147483647;
			files = (
			);
			runOnlyForDeploymentPostprocessing = 0;
		};
/* End PBXFrameworksBuildPhase section */

/* Begin PBXGroup section */
		6D319FB91D717081004DD293 = {
			isa = PBXGroup;
			children = (
				6D319FC41D717081004DD293 /* PokeAPI */,
				6D319FC31D717081004DD293 /* Products */,
			);
			sourceTree = "<group>";
		};
		6D319FC31D717081004DD293 /* Products */ = {
			isa = PBXGroup;
			children = (
				6D319FC21D717081004DD293 /* PokeAPI.app */,
			);
			name = Products;
			sourceTree = "<group>";
		};
		6D319FC41D717081004DD293 /* PokeAPI */ = {
			isa = PBXGroup;
			children = (
				6D319FE21D7182B9004DD293 /* View */,
				6D319FD91D717595004DD293 /* Model */,
				6D319FC51D717081004DD293 /* AppDelegate.swift */,
				6D319FC71D717081004DD293 /* ViewController.swift */,
				6D319FC91D717081004DD293 /* Main.storyboard */,
				6D319FCC1D717081004DD293 /* Assets.xcassets */,
				6D319FE01D717AD3004DD293 /* bg.jpg */,
				6D319FDE1D7179E1004DD293 /* music.png */,
				6D319FDC1D7179DC004DD293 /* back.png */,
				6D319FD71D717427004DD293 /* pokemon.csv */,
				6D319FE51D71911F004DD293 /* csv.swift */,
				6D319FCE1D717081004DD293 /* LaunchScreen.storyboard */,
				6D319FD11D717081004DD293 /* Info.plist */,
			);
			path = PokeAPI;
			sourceTree = "<group>";
		};
		6D319FD91D717595004DD293 /* Model */ = {
			isa = PBXGroup;
			children = (
				6D319FDA1D7175AA004DD293 /* Pokemon.swift */,
			);
			name = Model;
			sourceTree = "<group>";
		};
		6D319FE21D7182B9004DD293 /* View */ = {
			isa = PBXGroup;
			children = (
				6D319FE31D7182EC004DD293 /* PokeCell.swift */,
			);
			name = View;
			sourceTree = "<group>";
		};
/* End PBXGroup section */

/* Begin PBXNativeTarget section */
		6D319FC11D717081004DD293 /* PokeAPI */ = {
			isa = PBXNativeTarget;
			buildConfigurationList = 6D319FD41D717081004DD293 /* Build configuration list for PBXNativeTarget "PokeAPI" */;
			buildPhases = (
				6D319FBE1D717081004DD293 /* Sources */,
				6D319FBF1D717081004DD293 /* Frameworks */,
				6D319FC01D717081004DD293 /* Resources */,
			);
			buildRules = (
			);
			dependencies = (
			);
			name = PokeAPI;
			productName = PokeAPI;
			productReference = 6D319FC21D717081004DD293 /* PokeAPI.app */;
			productType = "com.apple.product-type.application";
		};
/* End PBXNativeTarget section */

/* Begin PBXProject section */
		6D319FBA1D717081004DD293 /* Project object */ = {
			isa = PBXProject;
			attributes = {
				LastSwiftUpdateCheck = 0800;
				LastUpgradeCheck = 0800;
				ORGANIZATIONNAME = SwiftyHacker;
				TargetAttributes = {
					6D319FC11D717081004DD293 = {
						CreatedOnToolsVersion = 8.0;
						DevelopmentTeam = 9G44GE93U4;
						LastSwiftMigration = 0800;
						ProvisioningStyle = Automatic;
					};
				};
			};
			buildConfigurationList = 6D319FBD1D717081004DD293 /* Build configuration list for PBXProject "PokeAPI" */;
			compatibilityVersion = "Xcode 3.2";
			developmentRegion = English;
			hasScannedForEncodings = 0;
			knownRegions = (
				en,
				Base,
			);
			mainGroup = 6D319FB91D717081004DD293;
			productRefGroup = 6D319FC31D717081004DD293 /* Products */;
			projectDirPath = "";
			projectRoot = "";
			targets = (
				6D319FC11D717081004DD293 /* PokeAPI */,
			);
		};
/* End PBXProject section */

/* Begin PBXResourcesBuildPhase section */
		6D319FC01D717081004DD293 /* Resources */ = {
			isa = PBXResourcesBuildPhase;
			buildActionMask = 2147483647;
			files = (
				6D319FD01D717081004DD293 /* LaunchScreen.storyboard in Resources */,
				6D319FDD1D7179DC004DD293 /* back.png in Resources */,
				6D319FCD1D717081004DD293 /* Assets.xcassets in Resources */,
				6D319FD81D717427004DD293 /* pokemon.csv in Resources */,
				6D319FE11D717AD3004DD293 /* bg.jpg in Resources */,
				6D319FCB1D717081004DD293 /* Main.storyboard in Resources */,
				6D319FDF1D7179E1004DD293 /* music.png in Resources */,
			);
			runOnlyForDeploymentPostprocessing = 0;
		};
/* End PBXResourcesBuildPhase section */

/* Begin PBXSourcesBuildPhase section */
		6D319FBE1D717081004DD293 /* Sources */ = {
			isa = PBXSourcesBuildPhase;
			buildActionMask = 2147483647;
			files = (
				6D319FE41D7182EC004DD293 /* PokeCell.swift in Sources */,
				6D319FC81D717081004DD293 /* ViewController.swift in Sources */,
				6D319FC61D717081004DD293 /* AppDelegate.swift in Sources */,
				6D319FDB1D7175AA004DD293 /* Pokemon.swift in Sources */,
				6D319FE61D71911F004DD293 /* csv.swift in Sources */,
			);
			runOnlyForDeploymentPostprocessing = 0;
		};
/* End PBXSourcesBuildPhase section */

/* Begin PBXVariantGroup section */
		6D319FC91D717081004DD293 /* Main.storyboard */ = {
			isa = PBXVariantGroup;
			children = (
				6D319FCA1D717081004DD293 /* Base */,
			);
			name = Main.storyboard;
			sourceTree = "<group>";
		};
		6D319FCE1D717081004DD293 /* LaunchScreen.storyboard */ = {
			isa = PBXVariantGroup;
			children = (
				6D319FCF1D717081004DD293 /* Base */,
			);
			name = LaunchScreen.storyboard;
			sourceTree = "<group>";
		};
/* End PBXVariantGroup section */

/* Begin XCBuildConfiguration section */
		6D319FD21D717081004DD293 /* Debug */ = {
			isa = XCBuildConfiguration;
			buildSettings = {
				ALWAYS_SEARCH_USER_PATHS = NO;
				CLANG_ANALYZER_NONNULL = YES;
				CLANG_CXX_LANGUAGE_STANDARD = "gnu++0x";
				CLANG_CXX_LIBRARY = "libc++";
				CLANG_ENABLE_MODULES = YES;
				CLANG_ENABLE_OBJC_ARC = YES;
				CLANG_WARN_BOOL_CONVERSION = YES;
				CLANG_WARN_CONSTANT_CONVERSION = YES;
				CLANG_WARN_DIRECT_OBJC_ISA_USAGE = YES_ERROR;
				CLANG_WARN_DOCUMENTATION_COMMENTS = YES;
				CLANG_WARN_EMPTY_BODY = YES;
				CLANG_WARN_ENUM_CONVERSION = YES;
				CLANG_WARN_INFINITE_RECURSION = YES;
				CLANG_WARN_INT_CONVERSION = YES;
				CLANG_WARN_OBJC_ROOT_CLASS = YES_ERROR;
				CLANG_WARN_SUSPICIOUS_MOVES = YES;
				CLANG_WARN_UNREACHABLE_CODE = YES;
				CLANG_WARN__DUPLICATE_METHOD_MATCH = YES;
				"CODE_SIGN_IDENTITY[sdk=iphoneos*]" = "iPhone Developer";
				COPY_PHASE_STRIP = NO;
				DEBUG_INFORMATION_FORMAT = dwarf;
				ENABLE_STRICT_OBJC_MSGSEND = YES;
				ENABLE_TESTABILITY = YES;
				GCC_C_LANGUAGE_STANDARD = gnu99;
				GCC_DYNAMIC_NO_PIC = NO;
				GCC_NO_COMMON_BLOCKS = YES;
				GCC_OPTIMIZATION_LEVEL = 0;
				GCC_PREPROCESSOR_DEFINITIONS = (
					"DEBUG=1",
					"$(inherited)",
				);
				GCC_WARN_64_TO_32_BIT_CONVERSION = YES;
				GCC_WARN_ABOUT_RETURN_TYPE = YES_ERROR;
				GCC_WARN_UNDECLARED_SELECTOR = YES;
				GCC_WARN_UNINITIALIZED_AUTOS = YES_AGGRESSIVE;
				GCC_WARN_UNUSED_FUNCTION = YES;
				GCC_WARN_UNUSED_VARIABLE = YES;
				IPHONEOS_DEPLOYMENT_TARGET = 10.0;
				MTL_ENABLE_DEBUG_INFO = YES;
				ONLY_ACTIVE_ARCH = YES;
				SDKROOT = iphoneos;
				SWIFT_ACTIVE_COMPILATION_CONDITIONS = DEBUG;
				SWIFT_OPTIMIZATION_LEVEL = "-Onone";
			};
			name = Debug;
		};
		6D319FD31D717081004DD293 /* Release */ = {
			isa = XCBuildConfiguration;
			buildSettings = {
				ALWAYS_SEARCH_USER_PATHS = NO;
				CLANG_ANALYZER_NONNULL = YES;
				CLANG_CXX_LANGUAGE_STANDARD = "gnu++0x";
				CLANG_CXX_LIBRARY = "libc++";
				CLANG_ENABLE_MODULES = YES;
				CLANG_ENABLE_OBJC_ARC = YES;
				CLANG_WARN_BOOL_CONVERSION = YES;
				CLANG_WARN_CONSTANT_CONVERSION = YES;
				CLANG_WARN_DIRECT_OBJC_ISA_USAGE = YES_ERROR;
				CLANG_WARN_DOCUMENTATION_COMMENTS = YES;
				CLANG_WARN_EMPTY_BODY = YES;
				CLANG_WARN_ENUM_CONVERSION = YES;
				CLANG_WARN_INFINITE_RECURSION = YES;
				CLANG_WARN_INT_CONVERSION = YES;
				CLANG_WARN_OBJC_ROOT_CLASS = YES_ERROR;
				CLANG_WARN_SUSPICIOUS_MOVES = YES;
				CLANG_WARN_UNREACHABLE_CODE = YES;
				CLANG_WARN__DUPLICATE_METHOD_MATCH = YES;
				"CODE_SIGN_IDENTITY[sdk=iphoneos*]" = "iPhone Developer";
				COPY_PHASE_STRIP = NO;
				DEBUG_INFORMATION_FORMAT = "dwarf-with-dsym";
				ENABLE_NS_ASSERTIONS = NO;
				ENABLE_STRICT_OBJC_MSGSEND = YES;
				GCC_C_LANGUAGE_STANDARD = gnu99;
				GCC_NO_COMMON_BLOCKS = YES;
				GCC_WARN_64_TO_32_BIT_CONVERSION = YES;
				GCC_WARN_ABOUT_RETURN_TYPE = YES_ERROR;
				GCC_WARN_UNDECLARED_SELECTOR = YES;
				GCC_WARN_UNINITIALIZED_AUTOS = YES_AGGRESSIVE;
				GCC_WARN_UNUSED_FUNCTION = YES;
				GCC_WARN_UNUSED_VARIABLE = YES;
				IPHONEOS_DEPLOYMENT_TARGET = 10.0;
				MTL_ENABLE_DEBUG_INFO = NO;
				SDKROOT = iphoneos;
				SWIFT_OPTIMIZATION_LEVEL = "-Owholemodule";
				VALIDATE_PRODUCT = YES;
			};
			name = Release;
		};
		6D319FD51D717081004DD293 /* Debug */ = {
			isa = XCBuildConfiguration;
			buildSettings = {
				ASSETCATALOG_COMPILER_APPICON_NAME = AppIcon;
				DEVELOPMENT_TEAM = 9G44GE93U4;
				INFOPLIST_FILE = PokeAPI/Info.plist;
				LD_RUNPATH_SEARCH_PATHS = "$(inherited) @executable_path/Frameworks";
				PRODUCT_BUNDLE_IDENTIFIER = com.swiftyhacker.PokeAPI;
				PRODUCT_NAME = "$(TARGET_NAME)";
				SWIFT_VERSION = 3.0;
			};
			name = Debug;
		};
		6D319FD61D717081004DD293 /* Release */ = {
			isa = XCBuildConfiguration;
			buildSettings = {
				ASSETCATALOG_COMPILER_APPICON_NAME = AppIcon;
				DEVELOPMENT_TEAM = 9G44GE93U4;
				INFOPLIST_FILE = PokeAPI/Info.plist;
				LD_RUNPATH_SEARCH_PATHS = "$(inherited) @executable_path/Frameworks";
				PRODUCT_BUNDLE_IDENTIFIER = com.swiftyhacker.PokeAPI;
				PRODUCT_NAME = "$(TARGET_NAME)";
				SWIFT_VERSION = 3.0;
			};
			name = Release;
		};
/* End XCBuildConfiguration section */

/* Begin XCConfigurationList section */
		6D319FBD1D717081004DD293 /* Build configuration list for PBXProject "PokeAPI" */ = {
			isa = XCConfigurationList;
			buildConfigurations = (
				6D319FD21D717081004DD293 /* Debug */,
				6D319FD31D717081004DD293 /* Release */,
			);
			defaultConfigurationIsVisible = 0;
			defaultConfigurationName = Release;
		};
		6D319FD41D717081004DD293 /* Build configuration list for PBXNativeTarget "PokeAPI" */ = {
			isa = XCConfigurationList;
			buildConfigurations = (
				6D319FD51D717081004DD293 /* Debug */,
				6D319FD61D717081004DD293 /* Release */,
			);
			defaultConfigurationIsVisible = 0;
		};
/* End XCConfigurationList section */
	};
	rootObject = 6D319FBA1D717081004DD293 /* Project object */;
}
